
Microsoft Visual Studio Solution File, Format Version 12.00
# Visual Studio Version 17
VisualStudioVersion = 17.5.33502.453
MinimumVisualStudioVersion = 10.0.40219.1
Project("{54A90642-561A-4BB1-A94E-469ADEE60C69}") = "angularapp", "angularapp\angularapp.esproj", "{BAE3D88D-E001-458D-AB54-C3A02B88E872}"
EndProject
Project("{9A19103F-16F7-4668-BE54-9A1E7A4F7556}") = "webapi", "webapi\webapi.csproj", "{E5701532-F9FE-4CEF-A5FE-D262CAB909CA}"
EndProject
Global
	GlobalSection(SolutionConfigurationPlatforms) = preSolution
		Debug|Any CPU = Debug|Any CPU
		Release|Any CPU = Release|Any CPU
	EndGlobalSection
	GlobalSection(ProjectConfigurationPlatforms) = postSolution
		{BAE3D88D-E001-458D-AB54-C3A02B88E872}.Debug|Any CPU.ActiveCfg = Debug|Any CPU
		{BAE3D88D-E001-458D-AB54-C3A02B88E872}.Debug|Any CPU.Build.0 = Debug|Any CPU
		{BAE3D88D-E001-458D-AB54-C3A02B88E872}.Debug|Any CPU.Deploy.0 = Debug|Any CPU
		{BAE3D88D-E001-458D-AB54-C3A02B88E872}.Release|Any CPU.ActiveCfg = Release|Any CPU
		{BAE3D88D-E001-458D-AB54-C3A02B88E872}.Release|Any CPU.Build.0 = Release|Any CPU
		{BAE3D88D-E001-458D-AB54-C3A02B88E872}.Release|Any CPU.Deploy.0 = Release|Any CPU
		{E5701532-F9FE-4CEF-A5FE-D262CAB909CA}.Debug|Any CPU.ActiveCfg = Debug|Any CPU
		{E5701532-F9FE-4CEF-A5FE-D262CAB909CA}.Debug|Any CPU.Build.0 = Debug|Any CPU
		{E5701532-F9FE-4CEF-A5FE-D262CAB909CA}.Release|Any CPU.ActiveCfg = Release|Any CPU
		{E5701532-F9FE-4CEF-A5FE-D262CAB909CA}.Release|Any CPU.Build.0 = Release|Any CPU
	EndGlobalSection
	GlobalSection(SolutionProperties) = preSolution
		HideSolutionNode = FALSE
	EndGlobalSection
	GlobalSection(ExtensibilityGlobals) = postSolution
		SolutionGuid = {32375659-32DC-4555-8B8C-730617B77604}
	EndGlobalSection
EndGlobal
